{
  "name": "cmem_helpers",
  "version": "1.0.1",
  "lockfileVersion": 3,
  "requires": true,
  "packages": {
    "": {
      "name": "cmem_helpers",
      "version": "1.0.1",
      "license": "MIT",
      "devDependencies": {
        "easywasi": "^0.0.6"
      }
    },
    "node_modules/easywasi": {
      "version": "0.0.6",
      "resolved": "https://registry.npmjs.org/easywasi/-/easywasi-0.0.6.tgz",
      "integrity": "sha512-EGlqqR6CoNKiZpHsJ7IE9TXe+7HLZgnwlJxypXbT4sRYp8pyay058JkIHfZseSmmwlXKOBKINr9xFGg5W0ohbg==",
      "dev": true,
      "license": "MIT",
      "engines": {
        "node": ">=18"
      }
    }
  }
}
