{
  "name": "@easywasm/memory",
  "version": "0.0.3",
  "lockfileVersion": 3,
  "requires": true,
  "packages": {
    "": {
      "name": "@easywasm/memory",
      "version": "0.0.3",
      "license": "MIT",
      "devDependencies": {
        "@easywasm/wasi": "^0.0.8"
      }
    },
    "node_modules/@easywasm/wasi": {
      "version": "0.0.8",
      "resolved": "https://registry.npmjs.org/@easywasm/wasi/-/wasi-0.0.8.tgz",
      "integrity": "sha512-0Dqa7rW1/k7IsJ7PU5PHhhaJaJ4PT1mw09pw1S4oZEHZI3SuLlLtUKfVkNh7O6B2GdvpskqSbvGYZRAWALWg4w==",
      "dev": true,
      "license": "MIT"
    }
  }
}
